<?xml version="1.0" encoding="utf-8"?>
<Project ToolsVersion="4.0" xmlns="http://schemas.microsoft.com/developer/msbuild/2003">
  <ItemGroup>
    <Filter Include="Source Files">
      <UniqueIdentifier>{4FC737F1-C7A5-4376-A066-2A32D752A2FF}</UniqueIdentifier>
      <Extensions>cpp;c;cc;cxx;c++;cppm;ixx;def;odl;idl;hpj;bat;asm;asmx</Extensions>
    </Filter>
    <Filter Include="Header Files">
      <UniqueIdentifier>{93995380-89BD-4b04-88EB-625FBE52EBFB}</UniqueIdentifier>
      <Extensions>h;hh;hpp;hxx;h++;hm;inl;inc;ipp;xsd</Extensions>
    </Filter>
    <Filter Include="Resource Files">
      <UniqueIdentifier>{67DA6AB6-F800-4c08-8B7A-83BB121AAD01}</UniqueIdentifier>
      <Extensions>rc;ico;cur;bmp;dlg;rc2;rct;bin;rgs;gif;jpg;jpeg;jpe;resx;tiff;tif;png;wav;mfcribbon-ms</Extensions>
    </Filter>
    <Filter Include="Header Files\include">
      <UniqueIdentifier>{84e0b52a-87c0-49a4-a545-132e98e7ba16}</UniqueIdentifier>
    </Filter>
    <Filter Include="Source Files\src">
      <UniqueIdentifier>{4a50d28a-c598-4423-9839-8631abe760fd}</UniqueIdentifier>
    </Filter>
    <Filter Include="Header Files\include\engine">
      <UniqueIdentifier>{6a2dcc08-d320-40d2-9763-a34857fc16cb}</UniqueIdentifier>
    </Filter>
    <Filter Include="Header Files\include\engine\bits">
      <UniqueIdentifier>{46c64818-a480-4c81-af23-b7a046f29f19}</UniqueIdentifier>
    </Filter>
    <Filter Include="Source Files\src\engine">
      <UniqueIdentifier>{55344c33-19df-40c3-b33b-059cd0e14e6b}</UniqueIdentifier>
    </Filter>
  </ItemGroup>
  <ItemGroup>
    <ClCompile Include="main.cpp">
      <Filter>Source Files</Filter>
    </ClCompile>
    <ClCompile Include="src\engine\AEBeep.cpp">
      <Filter>Source Files\src\engine</Filter>
    </ClCompile>
    <ClCompile Include="src\engine\AEKeyboard.cpp">
      <Filter>Source Files\src\engine</Filter>
    </ClCompile>
    <ClCompile Include="src\engine\AELog.cpp">
      <Filter>Source Files\src\engine</Filter>
    </ClCompile>
    <ClCompile Include="src\engine\AEScreen.cpp">
      <Filter>Source Files\src\engine</Filter>
    </ClCompile>
    <ClCompile Include="src\engine\AEGraphic.cpp">
      <Filter>Source Files\src\engine</Filter>
    </ClCompile>
  </ItemGroup>
  <ItemGroup>
    <ResourceCompile Include="resources\consoleprog1.rc">
      <Filter>Resource Files</Filter>
    </ResourceCompile>
  </ItemGroup>
  <ItemGroup>
    <Image Include="resources\logo.ico">
      <Filter>Resource Files</Filter>
    </Image>
  </ItemGroup>
  <ItemGroup>
    <ClInclude Include="include\engine\bits\algorithmfwd.h">
      <Filter>Header Files\include\engine\bits</Filter>
    </ClInclude>
    <ClInclude Include="include\engine\bits\alloc_traits.h">
      <Filter>Header Files\include\engine\bits</Filter>
    </ClInclude>
    <ClInclude Include="include\engine\bits\allocated_ptr.h">
      <Filter>Header Files\include\engine\bits</Filter>
    </ClInclude>
    <ClInclude Include="include\engine\bits\allocator.h">
      <Filter>Header Files\include\engine\bits</Filter>
    </ClInclude>
    <ClInclude Include="include\engine\bits\atomic_base.h">
      <Filter>Header Files\include\engine\bits</Filter>
    </ClInclude>
    <ClInclude Include="include\engine\bits\atomic_futex.h">
      <Filter>Header Files\include\engine\bits</Filter>
    </ClInclude>
    <ClInclude Include="include\engine\bits\atomic_lockfree_defines.h">
      <Filter>Header Files\include\engine\bits</Filter>
    </ClInclude>
    <ClInclude Include="include\engine\bits\atomic_word.h">
      <Filter>Header Files\include\engine\bits</Filter>
    </ClInclude>
    <ClInclude Include="include\engine\bits\basic_file.h">
      <Filter>Header Files\include\engine\bits</Filter>
    </ClInclude>
    <ClInclude Include="include\engine\bits\basic_ios.h">
      <Filter>Header Files\include\engine\bits</Filter>
    </ClInclude>
    <ClInclude Include="include\engine\bits\basic_string.h">
      <Filter>Header Files\include\engine\bits</Filter>
    </ClInclude>
    <ClInclude Include="include\engine\bits\boost_concept_check.h">
      <Filter>Header Files\include\engine\bits</Filter>
    </ClInclude>
    <ClInclude Include="include\engine\bits\c++0x_warning.h">
      <Filter>Header Files\include\engine\bits</Filter>
    </ClInclude>
    <ClInclude Include="include\engine\bits\c++allocator.h">
      <Filter>Header Files\include\engine\bits</Filter>
    </ClInclude>
    <ClInclude Include="include\engine\bits\c++config.h">
      <Filter>Header Files\include\engine\bits</Filter>
    </ClInclude>
    <ClInclude Include="include\engine\bits\c++io.h">
      <Filter>Header Files\include\engine\bits</Filter>
    </ClInclude>
    <ClInclude Include="include\engine\bits\c++locale.h">
      <Filter>Header Files\include\engine\bits</Filter>
    </ClInclude>
    <ClInclude Include="include\engine\bits\char_traits.h">
      <Filter>Header Files\include\engine\bits</Filter>
    </ClInclude>
    <ClInclude Include="include\engine\bits\codecvt.h">
      <Filter>Header Files\include\engine\bits</Filter>
    </ClInclude>
    <ClInclude Include="include\engine\bits\concept_check.h">
      <Filter>Header Files\include\engine\bits</Filter>
    </ClInclude>
    <ClInclude Include="include\engine\bits\cpp_type_traits.h">
      <Filter>Header Files\include\engine\bits</Filter>
    </ClInclude>
    <ClInclude Include="include\engine\bits\cpu_defines.h">
      <Filter>Header Files\include\engine\bits</Filter>
    </ClInclude>
    <ClInclude Include="include\engine\bits\ctype_base.h">
      <Filter>Header Files\include\engine\bits</Filter>
    </ClInclude>
    <ClInclude Include="include\engine\bits\ctype_inline.h">
      <Filter>Header Files\include\engine\bits</Filter>
    </ClInclude>
    <ClInclude Include="include\engine\bits\cxxabi_forced.h">
      <Filter>Header Files\include\engine\bits</Filter>
    </ClInclude>
    <ClInclude Include="include\engine\bits\cxxabi_init_exception.h">
      <Filter>Header Files\include\engine\bits</Filter>
    </ClInclude>
    <ClInclude Include="include\engine\bits\cxxabi_tweaks.h">
      <Filter>Header Files\include\engine\bits</Filter>
    </ClInclude>
    <ClInclude Include="include\engine\bits\enable_special_members.h">
      <Filter>Header Files\include\engine\bits</Filter>
    </ClInclude>
    <ClInclude Include="include\engine\bits\error_constants.h">
      <Filter>Header Files\include\engine\bits</Filter>
    </ClInclude>
    <ClInclude Include="include\engine\bits\exception.h">
      <Filter>Header Files\include\engine\bits</Filter>
    </ClInclude>
    <ClInclude Include="include\engine\bits\exception_defines.h">
      <Filter>Header Files\include\engine\bits</Filter>
    </ClInclude>
    <ClInclude Include="include\engine\bits\exception_ptr.h">
      <Filter>Header Files\include\engine\bits</Filter>
    </ClInclude>
    <ClInclude Include="include\engine\bits\extc++.h">
      <Filter>Header Files\include\engine\bits</Filter>
    </ClInclude>
    <ClInclude Include="include\engine\bits\forward_list.h">
      <Filter>Header Files\include\engine\bits</Filter>
    </ClInclude>
    <ClInclude Include="include\engine\bits\fs_dir.h">
      <Filter>Header Files\include\engine\bits</Filter>
    </ClInclude>
    <ClInclude Include="include\engine\bits\fs_fwd.h">
      <Filter>Header Files\include\engine\bits</Filter>
    </ClInclude>
    <ClInclude Include="include\engine\bits\fs_ops.h">
      <Filter>Header Files\include\engine\bits</Filter>
    </ClInclude>
    <ClInclude Include="include\engine\bits\fs_path.h">
      <Filter>Header Files\include\engine\bits</Filter>
    </ClInclude>
    <ClInclude Include="include\engine\bits\functexcept.h">
      <Filter>Header Files\include\engine\bits</Filter>
    </ClInclude>
    <ClInclude Include="include\engine\bits\functional_hash.h">
      <Filter>Header Files\include\engine\bits</Filter>
    </ClInclude>
    <ClInclude Include="include\engine\bits\gslice.h">
      <Filter>Header Files\include\engine\bits</Filter>
    </ClInclude>
    <ClInclude Include="include\engine\bits\gslice_array.h">
      <Filter>Header Files\include\engine\bits</Filter>
    </ClInclude>
    <ClInclude Include="include\engine\bits\gthr.h">
      <Filter>Header Files\include\engine\bits</Filter>
    </ClInclude>
    <ClInclude Include="include\engine\bits\gthr-default.h">
      <Filter>Header Files\include\engine\bits</Filter>
    </ClInclude>
    <ClInclude Include="include\engine\bits\gthr-posix.h">
      <Filter>Header Files\include\engine\bits</Filter>
    </ClInclude>
    <ClInclude Include="include\engine\bits\gthr-single.h">
      <Filter>Header Files\include\engine\bits</Filter>
    </ClInclude>
    <ClInclude Include="include\engine\bits\hash_bytes.h">
      <Filter>Header Files\include\engine\bits</Filter>
    </ClInclude>
    <ClInclude Include="include\engine\bits\hashtable.h">
      <Filter>Header Files\include\engine\bits</Filter>
    </ClInclude>
    <ClInclude Include="include\engine\bits\hashtable_policy.h">
      <Filter>Header Files\include\engine\bits</Filter>
    </ClInclude>
    <ClInclude Include="include\engine\bits\indirect_array.h">
      <Filter>Header Files\include\engine\bits</Filter>
    </ClInclude>
    <ClInclude Include="include\engine\bits\invoke.h">
      <Filter>Header Files\include\engine\bits</Filter>
    </ClInclude>
    <ClInclude Include="include\engine\bits\ios_base.h">
      <Filter>Header Files\include\engine\bits</Filter>
    </ClInclude>
    <ClInclude Include="include\engine\bits\locale_classes.h">
      <Filter>Header Files\include\engine\bits</Filter>
    </ClInclude>
    <ClInclude Include="include\engine\bits\locale_conv.h">
      <Filter>Header Files\include\engine\bits</Filter>
    </ClInclude>
    <ClInclude Include="include\engine\bits\locale_facets.h">
      <Filter>Header Files\include\engine\bits</Filter>
    </ClInclude>
    <ClInclude Include="include\engine\bits\locale_facets_nonio.h">
      <Filter>Header Files\include\engine\bits</Filter>
    </ClInclude>
    <ClInclude Include="include\engine\bits\localefwd.h">
      <Filter>Header Files\include\engine\bits</Filter>
    </ClInclude>
    <ClInclude Include="include\engine\bits\mask_array.h">
      <Filter>Header Files\include\engine\bits</Filter>
    </ClInclude>
    <ClInclude Include="include\engine\bits\memoryfwd.h">
      <Filter>Header Files\include\engine\bits</Filter>
    </ClInclude>
    <ClInclude Include="include\engine\bits\messages_members.h">
      <Filter>Header Files\include\engine\bits</Filter>
    </ClInclude>
    <ClInclude Include="include\engine\bits\move.h">
      <Filter>Header Files\include\engine\bits</Filter>
    </ClInclude>
    <ClInclude Include="include\engine\bits\nested_exception.h">
      <Filter>Header Files\include\engine\bits</Filter>
    </ClInclude>
    <ClInclude Include="include\engine\bits\node_handle.h">
      <Filter>Header Files\include\engine\bits</Filter>
    </ClInclude>
    <ClInclude Include="include\engine\bits\opt_random.h">
      <Filter>Header Files\include\engine\bits</Filter>
    </ClInclude>
    <ClInclude Include="include\engine\bits\os_defines.h">
      <Filter>Header Files\include\engine\bits</Filter>
    </ClInclude>
    <ClInclude Include="include\engine\bits\ostream_insert.h">
      <Filter>Header Files\include\engine\bits</Filter>
    </ClInclude>
    <ClInclude Include="include\engine\bits\parse_numbers.h">
      <Filter>Header Files\include\engine\bits</Filter>
    </ClInclude>
    <ClInclude Include="include\engine\bits\postypes.h">
      <Filter>Header Files\include\engine\bits</Filter>
    </ClInclude>
    <ClInclude Include="include\engine\bits\predefined_ops.h">
      <Filter>Header Files\include\engine\bits</Filter>
    </ClInclude>
    <ClInclude Include="include\engine\bits\ptr_traits.h">
      <Filter>Header Files\include\engine\bits</Filter>
    </ClInclude>
    <ClInclude Include="include\engine\bits\quoted_string.h">
      <Filter>Header Files\include\engine\bits</Filter>
    </ClInclude>
    <ClInclude Include="include\engine\bits\random.h">
      <Filter>Header Files\include\engine\bits</Filter>
    </ClInclude>
    <ClInclude Include="include\engine\bits\range_access.h">
      <Filter>Header Files\include\engine\bits</Filter>
    </ClInclude>
    <ClInclude Include="include\engine\bits\refwrap.h">
      <Filter>Header Files\include\engine\bits</Filter>
    </ClInclude>
    <ClInclude Include="include\engine\bits\regex.h">
      <Filter>Header Files\include\engine\bits</Filter>
    </ClInclude>
    <ClInclude Include="include\engine\bits\regex_automaton.h">
      <Filter>Header Files\include\engine\bits</Filter>
    </ClInclude>
    <ClInclude Include="include\engine\bits\regex_compiler.h">
      <Filter>Header Files\include\engine\bits</Filter>
    </ClInclude>
    <ClInclude Include="include\engine\bits\regex_constants.h">
      <Filter>Header Files\include\engine\bits</Filter>
    </ClInclude>
    <ClInclude Include="include\engine\bits\regex_error.h">
      <Filter>Header Files\include\engine\bits</Filter>
    </ClInclude>
    <ClInclude Include="include\engine\bits\regex_executor.h">
      <Filter>Header Files\include\engine\bits</Filter>
    </ClInclude>
    <ClInclude Include="include\engine\bits\regex_scanner.h">
      <Filter>Header Files\include\engine\bits</Filter>
    </ClInclude>
    <ClInclude Include="include\engine\bits\shared_ptr.h">
      <Filter>Header Files\include\engine\bits</Filter>
    </ClInclude>
    <ClInclude Include="include\engine\bits\shared_ptr_atomic.h">
      <Filter>Header Files\include\engine\bits</Filter>
    </ClInclude>
    <ClInclude Include="include\engine\bits\shared_ptr_base.h">
      <Filter>Header Files\include\engine\bits</Filter>
    </ClInclude>
    <ClInclude Include="include\engine\bits\slice_array.h">
      <Filter>Header Files\include\engine\bits</Filter>
    </ClInclude>
    <ClInclude Include="include\engine\bits\specfun.h">
      <Filter>Header Files\include\engine\bits</Filter>
    </ClInclude>
    <ClInclude Include="include\engine\bits\std_abs.h">
      <Filter>Header Files\include\engine\bits</Filter>
    </ClInclude>
    <ClInclude Include="include\engine\bits\std_function.h">
      <Filter>Header Files\include\engine\bits</Filter>
    </ClInclude>
    <ClInclude Include="include\engine\bits\std_mutex.h">
      <Filter>Header Files\include\engine\bits</Filter>
    </ClInclude>
    <ClInclude Include="include\engine\bits\stdc++.h">
      <Filter>Header Files\include\engine\bits</Filter>
    </ClInclude>
    <ClInclude Include="include\engine\bits\stdtr1c++.h">
      <Filter>Header Files\include\engine\bits</Filter>
    </ClInclude>
    <ClInclude Include="include\engine\bits\stl_algo.h">
      <Filter>Header Files\include\engine\bits</Filter>
    </ClInclude>
    <ClInclude Include="include\engine\bits\stl_algobase.h">
      <Filter>Header Files\include\engine\bits</Filter>
    </ClInclude>
    <ClInclude Include="include\engine\bits\stl_bvector.h">
      <Filter>Header Files\include\engine\bits</Filter>
    </ClInclude>
    <ClInclude Include="include\engine\bits\stl_construct.h">
      <Filter>Header Files\include\engine\bits</Filter>
    </ClInclude>
    <ClInclude Include="include\engine\bits\stl_deque.h">
      <Filter>Header Files\include\engine\bits</Filter>
    </ClInclude>
    <ClInclude Include="include\engine\bits\stl_function.h">
      <Filter>Header Files\include\engine\bits</Filter>
    </ClInclude>
    <ClInclude Include="include\engine\bits\stl_heap.h">
      <Filter>Header Files\include\engine\bits</Filter>
    </ClInclude>
    <ClInclude Include="include\engine\bits\stl_iterator.h">
      <Filter>Header Files\include\engine\bits</Filter>
    </ClInclude>
    <ClInclude Include="include\engine\bits\stl_iterator_base_funcs.h">
      <Filter>Header Files\include\engine\bits</Filter>
    </ClInclude>
    <ClInclude Include="include\engine\bits\stl_iterator_base_types.h">
      <Filter>Header Files\include\engine\bits</Filter>
    </ClInclude>
    <ClInclude Include="include\engine\bits\stl_list.h">
      <Filter>Header Files\include\engine\bits</Filter>
    </ClInclude>
    <ClInclude Include="include\engine\bits\stl_map.h">
      <Filter>Header Files\include\engine\bits</Filter>
    </ClInclude>
    <ClInclude Include="include\engine\bits\stl_multimap.h">
      <Filter>Header Files\include\engine\bits</Filter>
    </ClInclude>
    <ClInclude Include="include\engine\bits\stl_multiset.h">
      <Filter>Header Files\include\engine\bits</Filter>
    </ClInclude>
    <ClInclude Include="include\engine\bits\stl_numeric.h">
      <Filter>Header Files\include\engine\bits</Filter>
    </ClInclude>
    <ClInclude Include="include\engine\bits\stl_pair.h">
      <Filter>Header Files\include\engine\bits</Filter>
    </ClInclude>
    <ClInclude Include="include\engine\bits\stl_queue.h">
      <Filter>Header Files\include\engine\bits</Filter>
    </ClInclude>
    <ClInclude Include="include\engine\bits\stl_raw_storage_iter.h">
      <Filter>Header Files\include\engine\bits</Filter>
    </ClInclude>
    <ClInclude Include="include\engine\bits\stl_relops.h">
      <Filter>Header Files\include\engine\bits</Filter>
    </ClInclude>
    <ClInclude Include="include\engine\bits\stl_set.h">
      <Filter>Header Files\include\engine\bits</Filter>
    </ClInclude>
    <ClInclude Include="include\engine\bits\stl_stack.h">
      <Filter>Header Files\include\engine\bits</Filter>
    </ClInclude>
    <ClInclude Include="include\engine\bits\stl_tempbuf.h">
      <Filter>Header Files\include\engine\bits</Filter>
    </ClInclude>
    <ClInclude Include="include\engine\bits\stl_tree.h">
      <Filter>Header Files\include\engine\bits</Filter>
    </ClInclude>
    <ClInclude Include="include\engine\bits\stl_uninitialized.h">
      <Filter>Header Files\include\engine\bits</Filter>
    </ClInclude>
    <ClInclude Include="include\engine\bits\stl_vector.h">
      <Filter>Header Files\include\engine\bits</Filter>
    </ClInclude>
    <ClInclude Include="include\engine\bits\stream_iterator.h">
      <Filter>Header Files\include\engine\bits</Filter>
    </ClInclude>
    <ClInclude Include="include\engine\bits\streambuf_iterator.h">
      <Filter>Header Files\include\engine\bits</Filter>
    </ClInclude>
    <ClInclude Include="include\engine\bits\stringfwd.h">
      <Filter>Header Files\include\engine\bits</Filter>
    </ClInclude>
    <ClInclude Include="include\engine\bits\time_members.h">
      <Filter>Header Files\include\engine\bits</Filter>
    </ClInclude>
    <ClInclude Include="include\engine\bits\uniform_int_dist.h">
      <Filter>Header Files\include\engine\bits</Filter>
    </ClInclude>
    <ClInclude Include="include\engine\bits\unique_ptr.h">
      <Filter>Header Files\include\engine\bits</Filter>
    </ClInclude>
    <ClInclude Include="include\engine\bits\unordered_map.h">
      <Filter>Header Files\include\engine\bits</Filter>
    </ClInclude>
    <ClInclude Include="include\engine\bits\unordered_set.h">
      <Filter>Header Files\include\engine\bits</Filter>
    </ClInclude>
    <ClInclude Include="include\engine\bits\uses_allocator.h">
      <Filter>Header Files\include\engine\bits</Filter>
    </ClInclude>
    <ClInclude Include="include\engine\bits\valarray_after.h">
      <Filter>Header Files\include\engine\bits</Filter>
    </ClInclude>
    <ClInclude Include="include\engine\bits\valarray_array.h">
      <Filter>Header Files\include\engine\bits</Filter>
    </ClInclude>
    <ClInclude Include="include\engine\bits\valarray_before.h">
      <Filter>Header Files\include\engine\bits</Filter>
    </ClInclude>
    <ClInclude Include="include\engine\AEBaseClass.hpp">
      <Filter>Header Files\include\engine</Filter>
    </ClInclude>
    <ClInclude Include="include\engine\AEBeep.hpp">
      <Filter>Header Files\include\engine</Filter>
    </ClInclude>
    <ClInclude Include="include\engine\AEFrame.hpp">
      <Filter>Header Files\include\engine</Filter>
    </ClInclude>
    <ClInclude Include="include\engine\AEKeyboard.hpp">
      <Filter>Header Files\include\engine</Filter>
    </ClInclude>
    <ClInclude Include="include\engine\AELog.hpp">
      <Filter>Header Files\include\engine</Filter>
    </ClInclude>
    <ClInclude Include="include\engine\AEScreen.hpp">
      <Filter>Header Files\include\engine</Filter>
    </ClInclude>
    <ClInclude Include="include\engine\AETimer.hpp">
      <Filter>Header Files\include\engine</Filter>
    </ClInclude>
    <ClInclude Include="include\engine\allheaders.hpp">
      <Filter>Header Files\include\engine</Filter>
    </ClInclude>
    <ClInclude Include="include\engine\engine_flags.hpp">
      <Filter>Header Files\include\engine</Filter>
    </ClInclude>
    <ClInclude Include="include\engine\func_system.hpp">
      <Filter>Header Files\include\engine</Filter>
    </ClInclude>
    <ClInclude Include="include\engine\func_utils.hpp">
      <Filter>Header Files\include\engine</Filter>
    </ClInclude>
    <ClInclude Include="include\engine\global_vars.hpp">
      <Filter>Header Files\include\engine</Filter>
    </ClInclude>
    <ClInclude Include="include\engine\include_engine.hpp">
      <Filter>Header Files\include\engine</Filter>
    </ClInclude>
    <ClInclude Include="include\engine\trig_lookup.hpp">
      <Filter>Header Files\include\engine</Filter>
    </ClInclude>
    <ClInclude Include="include\engine\typedefs.hpp">
      <Filter>Header Files\include\engine</Filter>
    </ClInclude>
    <ClInclude Include="include\engine\AEGraphic.hpp">
      <Filter>Header Files\include\engine</Filter>
    </ClInclude>
  </ItemGroup>
  <ItemGroup>
    <None Include="include\engine\bits\basic_ios.tcc">
      <Filter>Header Files\include\engine\bits</Filter>
    </None>
    <None Include="include\engine\bits\basic_string.tcc">
      <Filter>Header Files\include\engine\bits</Filter>
    </None>
    <None Include="include\engine\bits\deque.tcc">
      <Filter>Header Files\include\engine\bits</Filter>
    </None>
    <None Include="include\engine\bits\forward_list.tcc">
      <Filter>Header Files\include\engine\bits</Filter>
    </None>
    <None Include="include\engine\bits\fstream.tcc">
      <Filter>Header Files\include\engine\bits</Filter>
    </None>
    <None Include="include\engine\bits\istream.tcc">
      <Filter>Header Files\include\engine\bits</Filter>
    </None>
    <None Include="include\engine\bits\list.tcc">
      <Filter>Header Files\include\engine\bits</Filter>
    </None>
    <None Include="include\engine\bits\locale_classes.tcc">
      <Filter>Header Files\include\engine\bits</Filter>
    </None>
    <None Include="include\engine\bits\locale_facets.tcc">
      <Filter>Header Files\include\engine\bits</Filter>
    </None>
    <None Include="include\engine\bits\locale_facets_nonio.tcc">
      <Filter>Header Files\include\engine\bits</Filter>
    </None>
    <None Include="include\engine\bits\ostream.tcc">
      <Filter>Header Files\include\engine\bits</Filter>
    </None>
    <None Include="include\engine\bits\random.tcc">
      <Filter>Header Files\include\engine\bits</Filter>
    </None>
    <None Include="include\engine\bits\regex.tcc">
      <Filter>Header Files\include\engine\bits</Filter>
    </None>
    <None Include="include\engine\bits\regex_automaton.tcc">
      <Filter>Header Files\include\engine\bits</Filter>
    </None>
    <None Include="include\engine\bits\regex_compiler.tcc">
      <Filter>Header Files\include\engine\bits</Filter>
    </None>
    <None Include="include\engine\bits\regex_executor.tcc">
      <Filter>Header Files\include\engine\bits</Filter>
    </None>
    <None Include="include\engine\bits\regex_scanner.tcc">
      <Filter>Header Files\include\engine\bits</Filter>
    </None>
    <None Include="include\engine\bits\sstream.tcc">
      <Filter>Header Files\include\engine\bits</Filter>
    </None>
    <None Include="include\engine\bits\streambuf.tcc">
      <Filter>Header Files\include\engine\bits</Filter>
    </None>
    <None Include="include\engine\bits\string_view.tcc">
      <Filter>Header Files\include\engine\bits</Filter>
    </None>
    <None Include="include\engine\bits\valarray_array.tcc">
      <Filter>Header Files\include\engine\bits</Filter>
    </None>
    <None Include="include\engine\bits\vector.tcc">
      <Filter>Header Files\include\engine\bits</Filter>
    </None>
  </ItemGroup>
</Project>